
Microsoft Visual Studio Solution File, Format Version 12.00
# Visual Studio Version 16
VisualStudioVersion = 16.0.29102.190
MinimumVisualStudioVersion = 10.0.40219.1
Project("{FAE04EC0-301F-11D3-BF4B-00C04F79EFBC}") = "Knyaz.Xamaring.Shapes.UWP", "Knyaz.Xamaring.Shapes\Knyaz.Xamaring.Shapes.UWP\Knyaz.Xamaring.Shapes.UWP.csproj", "{48E009A5-253B-488E-A158-DF45F265F1C5}"
EndProject
Project("{FAE04EC0-301F-11D3-BF4B-00C04F79EFBC}") = "Knyaz.Xamaring.Shapes.Android", "Knyaz.Xamaring.Shapes\Knyaz.Xamaring.Shapes.Android\Knyaz.Xamaring.Shapes.Android.csproj", "{26463AE9-28EA-4B85-9E72-F852A4B2B9CC}"
EndProject
Project("{FAE04EC0-301F-11D3-BF4B-00C04F79EFBC}") = "Knyaz.Xamaring.Shapes.iOS", "Knyaz.Xamaring.Shapes\Knyaz.Xamaring.Shapes.iOS\Knyaz.Xamaring.Shapes.iOS.csproj", "{0410F180-B6EF-4D8F-BE24-B8CA844F6983}"
EndProject
Project("{9A19103F-16F7-4668-BE54-9A1E7A4F7556}") = "Knyaz.Xamaring.Shapes", "Knyaz.Xamaring.Shapes\Knyaz.Xamaring.Shapes\Knyaz.Xamaring.Shapes.csproj", "{15049F56-92F1-4E9F-9FAD-9205A421BDEA}"
EndProject
Project("{9A19103F-16F7-4668-BE54-9A1E7A4F7556}") = "Knyaz.Xamarin.Forms.Shapes", "Knyaz.Xamarin.Forms.Shapes\Knyaz.Xamarin.Forms.Shapes.csproj", "{CD2CBF3F-BD6F-4C8D-9B25-55419C3079E0}"
EndProject
Project("{FAE04EC0-301F-11D3-BF4B-00C04F79EFBC}") = "Knyaz.Xamarin.Forms.Shapes.Android", "Knyaz.Xamarin.Forms.Shapes.Android\Knyaz.Xamarin.Forms.Shapes.Android.csproj", "{9782C5AD-401C-42CC-BA31-A6CCC73F79A6}"
EndProject
Project("{FAE04EC0-301F-11D3-BF4B-00C04F79EFBC}") = "Knyaz.Xamarin.Forms.Shapes.Tests", "Knyaz.Xamarin.Forms.Shapes.Tests\Knyaz.Xamarin.Forms.Shapes.Tests.csproj", "{910538A3-175E-4628-9823-B5BB62A3CDB9}"
EndProject
Global
	GlobalSection(SolutionConfigurationPlatforms) = preSolution
		Debug|Any CPU = Debug|Any CPU
		Debug|ARM = Debug|ARM
		Debug|iPhone = Debug|iPhone
		Debug|iPhoneSimulator = Debug|iPhoneSimulator
		Debug|x64 = Debug|x64
		Debug|x86 = Debug|x86
		Release|Any CPU = Release|Any CPU
		Release|ARM = Release|ARM
		Release|iPhone = Release|iPhone
		Release|iPhoneSimulator = Release|iPhoneSimulator
		Release|x64 = Release|x64
		Release|x86 = Release|x86
	EndGlobalSection
	GlobalSection(ProjectConfigurationPlatforms) = postSolution
		{48E009A5-253B-488E-A158-DF45F265F1C5}.Debug|Any CPU.ActiveCfg = Debug|x86
		{48E009A5-253B-488E-A158-DF45F265F1C5}.Debug|Any CPU.Build.0 = Debug|x86
		{48E009A5-253B-488E-A158-DF45F265F1C5}.Debug|Any CPU.Deploy.0 = Debug|x86
		{48E009A5-253B-488E-A158-DF45F265F1C5}.Debug|ARM.ActiveCfg = Debug|ARM
		{48E009A5-253B-488E-A158-DF45F265F1C5}.Debug|ARM.Build.0 = Debug|ARM
		{48E009A5-253B-488E-A158-DF45F265F1C5}.Debug|ARM.Deploy.0 = Debug|ARM
		{48E009A5-253B-488E-A158-DF45F265F1C5}.Debug|iPhone.ActiveCfg = Debug|x86
		{48E009A5-253B-488E-A158-DF45F265F1C5}.Debug|iPhone.Build.0 = Debug|x86
		{48E009A5-253B-488E-A158-DF45F265F1C5}.Debug|iPhone.Deploy.0 = Debug|x86
		{48E009A5-253B-488E-A158-DF45F265F1C5}.Debug|iPhoneSimulator.ActiveCfg = Debug|x86
		{48E009A5-253B-488E-A158-DF45F265F1C5}.Debug|iPhoneSimulator.Build.0 = Debug|x86
		{48E009A5-253B-488E-A158-DF45F265F1C5}.Debug|iPhoneSimulator.Deploy.0 = Debug|x86
		{48E009A5-253B-488E-A158-DF45F265F1C5}.Debug|x64.ActiveCfg = Debug|x64
		{48E009A5-253B-488E-A158-DF45F265F1C5}.Debug|x64.Build.0 = Debug|x64
		{48E009A5-253B-488E-A158-DF45F265F1C5}.Debug|x64.Deploy.0 = Debug|x64
		{48E009A5-253B-488E-A158-DF45F265F1C5}.Debug|x86.ActiveCfg = Debug|x86
		{48E009A5-253B-488E-A158-DF45F265F1C5}.Debug|x86.Build.0 = Debug|x86
		{48E009A5-253B-488E-A158-DF45F265F1C5}.Debug|x86.Deploy.0 = Debug|x86
		{48E009A5-253B-488E-A158-DF45F265F1C5}.Release|Any CPU.ActiveCfg = Release|x86
		{48E009A5-253B-488E-A158-DF45F265F1C5}.Release|Any CPU.Build.0 = Release|x86
		{48E009A5-253B-488E-A158-DF45F265F1C5}.Release|Any CPU.Deploy.0 = Release|x86
		{48E009A5-253B-488E-A158-DF45F265F1C5}.Release|ARM.ActiveCfg = Release|ARM
		{48E009A5-253B-488E-A158-DF45F265F1C5}.Release|ARM.Build.0 = Release|ARM
		{48E009A5-253B-488E-A158-DF45F265F1C5}.Release|ARM.Deploy.0 = Release|ARM
		{48E009A5-253B-488E-A158-DF45F265F1C5}.Release|iPhone.ActiveCfg = Release|x86
		{48E009A5-253B-488E-A158-DF45F265F1C5}.Release|iPhone.Build.0 = Release|x86
		{48E009A5-253B-488E-A158-DF45F265F1C5}.Release|iPhone.Deploy.0 = Release|x86
		{48E009A5-253B-488E-A158-DF45F265F1C5}.Release|iPhoneSimulator.ActiveCfg = Release|x86
		{48E009A5-253B-488E-A158-DF45F265F1C5}.Release|iPhoneSimulator.Build.0 = Release|x86
		{48E009A5-253B-488E-A158-DF45F265F1C5}.Release|iPhoneSimulator.Deploy.0 = Release|x86
		{48E009A5-253B-488E-A158-DF45F265F1C5}.Release|x64.ActiveCfg = Release|x64
		{48E009A5-253B-488E-A158-DF45F265F1C5}.Release|x64.Build.0 = Release|x64
		{48E009A5-253B-488E-A158-DF45F265F1C5}.Release|x64.Deploy.0 = Release|x64
		{48E009A5-253B-488E-A158-DF45F265F1C5}.Release|x86.ActiveCfg = Release|x86
		{48E009A5-253B-488E-A158-DF45F265F1C5}.Release|x86.Build.0 = Release|x86
		{48E009A5-253B-488E-A158-DF45F265F1C5}.Release|x86.Deploy.0 = Release|x86
		{26463AE9-28EA-4B85-9E72-F852A4B2B9CC}.Debug|Any CPU.ActiveCfg = Debug|Any CPU
		{26463AE9-28EA-4B85-9E72-F852A4B2B9CC}.Debug|Any CPU.Build.0 = Debug|Any CPU
		{26463AE9-28EA-4B85-9E72-F852A4B2B9CC}.Debug|Any CPU.Deploy.0 = Debug|Any CPU
		{26463AE9-28EA-4B85-9E72-F852A4B2B9CC}.Debug|ARM.ActiveCfg = Debug|Any CPU
		{26463AE9-28EA-4B85-9E72-F852A4B2B9CC}.Debug|ARM.Build.0 = Debug|Any CPU
		{26463AE9-28EA-4B85-9E72-F852A4B2B9CC}.Debug|ARM.Deploy.0 = Debug|Any CPU
		{26463AE9-28EA-4B85-9E72-F852A4B2B9CC}.Debug|iPhone.ActiveCfg = Debug|Any CPU
		{26463AE9-28EA-4B85-9E72-F852A4B2B9CC}.Debug|iPhone.Build.0 = Debug|Any CPU
		{26463AE9-28EA-4B85-9E72-F852A4B2B9CC}.Debug|iPhone.Deploy.0 = Debug|Any CPU
		{26463AE9-28EA-4B85-9E72-F852A4B2B9CC}.Debug|iPhoneSimulator.ActiveCfg = Debug|Any CPU
		{26463AE9-28EA-4B85-9E72-F852A4B2B9CC}.Debug|iPhoneSimulator.Build.0 = Debug|Any CPU
		{26463AE9-28EA-4B85-9E72-F852A4B2B9CC}.Debug|iPhoneSimulator.Deploy.0 = Debug|Any CPU
		{26463AE9-28EA-4B85-9E72-F852A4B2B9CC}.Debug|x64.ActiveCfg = Debug|Any CPU
		{26463AE9-28EA-4B85-9E72-F852A4B2B9CC}.Debug|x64.Build.0 = Debug|Any CPU
		{26463AE9-28EA-4B85-9E72-F852A4B2B9CC}.Debug|x64.Deploy.0 = Debug|Any CPU
		{26463AE9-28EA-4B85-9E72-F852A4B2B9CC}.Debug|x86.ActiveCfg = Debug|Any CPU
		{26463AE9-28EA-4B85-9E72-F852A4B2B9CC}.Debug|x86.Build.0 = Debug|Any CPU
		{26463AE9-28EA-4B85-9E72-F852A4B2B9CC}.Debug|x86.Deploy.0 = Debug|Any CPU
		{26463AE9-28EA-4B85-9E72-F852A4B2B9CC}.Release|Any CPU.ActiveCfg = Release|Any CPU
		{26463AE9-28EA-4B85-9E72-F852A4B2B9CC}.Release|Any CPU.Build.0 = Release|Any CPU
		{26463AE9-28EA-4B85-9E72-F852A4B2B9CC}.Release|Any CPU.Deploy.0 = Release|Any CPU
		{26463AE9-28EA-4B85-9E72-F852A4B2B9CC}.Release|ARM.ActiveCfg = Release|Any CPU
		{26463AE9-28EA-4B85-9E72-F852A4B2B9CC}.Release|ARM.Build.0 = Release|Any CPU
		{26463AE9-28EA-4B85-9E72-F852A4B2B9CC}.Release|ARM.Deploy.0 = Release|Any CPU
		{26463AE9-28EA-4B85-9E72-F852A4B2B9CC}.Release|iPhone.ActiveCfg = Release|Any CPU
		{26463AE9-28EA-4B85-9E72-F852A4B2B9CC}.Release|iPhone.Build.0 = Release|Any CPU
		{26463AE9-28EA-4B85-9E72-F852A4B2B9CC}.Release|iPhone.Deploy.0 = Release|Any CPU
		{26463AE9-28EA-4B85-9E72-F852A4B2B9CC}.Release|iPhoneSimulator.ActiveCfg = Release|Any CPU
		{26463AE9-28EA-4B85-9E72-F852A4B2B9CC}.Release|iPhoneSimulator.Build.0 = Release|Any CPU
		{26463AE9-28EA-4B85-9E72-F852A4B2B9CC}.Release|iPhoneSimulator.Deploy.0 = Release|Any CPU
		{26463AE9-28EA-4B85-9E72-F852A4B2B9CC}.Release|x64.ActiveCfg = Release|Any CPU
		{26463AE9-28EA-4B85-9E72-F852A4B2B9CC}.Release|x64.Build.0 = Release|Any CPU
		{26463AE9-28EA-4B85-9E72-F852A4B2B9CC}.Release|x64.Deploy.0 = Release|Any CPU
		{26463AE9-28EA-4B85-9E72-F852A4B2B9CC}.Release|x86.ActiveCfg = Release|Any CPU
		{26463AE9-28EA-4B85-9E72-F852A4B2B9CC}.Release|x86.Build.0 = Release|Any CPU
		{26463AE9-28EA-4B85-9E72-F852A4B2B9CC}.Release|x86.Deploy.0 = Release|Any CPU
		{0410F180-B6EF-4D8F-BE24-B8CA844F6983}.Debug|Any CPU.ActiveCfg = Debug|iPhone
		{0410F180-B6EF-4D8F-BE24-B8CA844F6983}.Debug|Any CPU.Build.0 = Debug|iPhone
		{0410F180-B6EF-4D8F-BE24-B8CA844F6983}.Debug|Any CPU.Deploy.0 = Debug|iPhone
		{0410F180-B6EF-4D8F-BE24-B8CA844F6983}.Debug|ARM.ActiveCfg = Debug|iPhoneSimulator
		{0410F180-B6EF-4D8F-BE24-B8CA844F6983}.Debug|ARM.Build.0 = Debug|iPhoneSimulator
		{0410F180-B6EF-4D8F-BE24-B8CA844F6983}.Debug|ARM.Deploy.0 = Debug|iPhoneSimulator
		{0410F180-B6EF-4D8F-BE24-B8CA844F6983}.Debug|iPhone.ActiveCfg = Debug|iPhone
		{0410F180-B6EF-4D8F-BE24-B8CA844F6983}.Debug|iPhone.Build.0 = Debug|iPhone
		{0410F180-B6EF-4D8F-BE24-B8CA844F6983}.Debug|iPhone.Deploy.0 = Debug|iPhone
		{0410F180-B6EF-4D8F-BE24-B8CA844F6983}.Debug|iPhoneSimulator.ActiveCfg = Debug|iPhoneSimulator
		{0410F180-B6EF-4D8F-BE24-B8CA844F6983}.Debug|iPhoneSimulator.Build.0 = Debug|iPhoneSimulator
		{0410F180-B6EF-4D8F-BE24-B8CA844F6983}.Debug|iPhoneSimulator.Deploy.0 = Debug|iPhoneSimulator
		{0410F180-B6EF-4D8F-BE24-B8CA844F6983}.Debug|x64.ActiveCfg = Debug|iPhone
		{0410F180-B6EF-4D8F-BE24-B8CA844F6983}.Debug|x64.Build.0 = Debug|iPhone
		{0410F180-B6EF-4D8F-BE24-B8CA844F6983}.Debug|x64.Deploy.0 = Debug|iPhone
		{0410F180-B6EF-4D8F-BE24-B8CA844F6983}.Debug|x86.ActiveCfg = Debug|iPhone
		{0410F180-B6EF-4D8F-BE24-B8CA844F6983}.Debug|x86.Build.0 = Debug|iPhone
		{0410F180-B6EF-4D8F-BE24-B8CA844F6983}.Debug|x86.Deploy.0 = Debug|iPhone
		{0410F180-B6EF-4D8F-BE24-B8CA844F6983}.Release|Any CPU.ActiveCfg = Release|iPhone
		{0410F180-B6EF-4D8F-BE24-B8CA844F6983}.Release|Any CPU.Build.0 = Release|iPhone
		{0410F180-B6EF-4D8F-BE24-B8CA844F6983}.Release|Any CPU.Deploy.0 = Release|iPhone
		{0410F180-B6EF-4D8F-BE24-B8CA844F6983}.Release|ARM.ActiveCfg = Release|iPhone
		{0410F180-B6EF-4D8F-BE24-B8CA844F6983}.Release|ARM.Build.0 = Release|iPhone
		{0410F180-B6EF-4D8F-BE24-B8CA844F6983}.Release|ARM.Deploy.0 = Release|iPhone
		{0410F180-B6EF-4D8F-BE24-B8CA844F6983}.Release|iPhone.ActiveCfg = Release|iPhone
		{0410F180-B6EF-4D8F-BE24-B8CA844F6983}.Release|iPhone.Build.0 = Release|iPhone
		{0410F180-B6EF-4D8F-BE24-B8CA844F6983}.Release|iPhone.Deploy.0 = Release|iPhone
		{0410F180-B6EF-4D8F-BE24-B8CA844F6983}.Release|iPhoneSimulator.ActiveCfg = Release|iPhoneSimulator
		{0410F180-B6EF-4D8F-BE24-B8CA844F6983}.Release|iPhoneSimulator.Build.0 = Release|iPhoneSimulator
		{0410F180-B6EF-4D8F-BE24-B8CA844F6983}.Release|iPhoneSimulator.Deploy.0 = Release|iPhoneSimulator
		{0410F180-B6EF-4D8F-BE24-B8CA844F6983}.Release|x64.ActiveCfg = Release|iPhone
		{0410F180-B6EF-4D8F-BE24-B8CA844F6983}.Release|x64.Build.0 = Release|iPhone
		{0410F180-B6EF-4D8F-BE24-B8CA844F6983}.Release|x64.Deploy.0 = Release|iPhone
		{0410F180-B6EF-4D8F-BE24-B8CA844F6983}.Release|x86.ActiveCfg = Release|iPhone
		{0410F180-B6EF-4D8F-BE24-B8CA844F6983}.Release|x86.Build.0 = Release|iPhone
		{0410F180-B6EF-4D8F-BE24-B8CA844F6983}.Release|x86.Deploy.0 = Release|iPhone
		{15049F56-92F1-4E9F-9FAD-9205A421BDEA}.Debug|Any CPU.ActiveCfg = Debug|Any CPU
		{15049F56-92F1-4E9F-9FAD-9205A421BDEA}.Debug|Any CPU.Build.0 = Debug|Any CPU
		{15049F56-92F1-4E9F-9FAD-9205A421BDEA}.Debug|Any CPU.Deploy.0 = Debug|Any CPU
		{15049F56-92F1-4E9F-9FAD-9205A421BDEA}.Debug|ARM.ActiveCfg = Debug|Any CPU
		{15049F56-92F1-4E9F-9FAD-9205A421BDEA}.Debug|ARM.Build.0 = Debug|Any CPU
		{15049F56-92F1-4E9F-9FAD-9205A421BDEA}.Debug|ARM.Deploy.0 = Debug|Any CPU
		{15049F56-92F1-4E9F-9FAD-9205A421BDEA}.Debug|iPhone.ActiveCfg = Debug|Any CPU
		{15049F56-92F1-4E9F-9FAD-9205A421BDEA}.Debug|iPhone.Build.0 = Debug|Any CPU
		{15049F56-92F1-4E9F-9FAD-9205A421BDEA}.Debug|iPhone.Deploy.0 = Debug|Any CPU
		{15049F56-92F1-4E9F-9FAD-9205A421BDEA}.Debug|iPhoneSimulator.ActiveCfg = Debug|Any CPU
		{15049F56-92F1-4E9F-9FAD-9205A421BDEA}.Debug|iPhoneSimulator.Build.0 = Debug|Any CPU
		{15049F56-92F1-4E9F-9FAD-9205A421BDEA}.Debug|iPhoneSimulator.Deploy.0 = Debug|Any CPU
		{15049F56-92F1-4E9F-9FAD-9205A421BDEA}.Debug|x64.ActiveCfg = Debug|Any CPU
		{15049F56-92F1-4E9F-9FAD-9205A421BDEA}.Debug|x64.Build.0 = Debug|Any CPU
		{15049F56-92F1-4E9F-9FAD-9205A421BDEA}.Debug|x64.Deploy.0 = Debug|Any CPU
		{15049F56-92F1-4E9F-9FAD-9205A421BDEA}.Debug|x86.ActiveCfg = Debug|Any CPU
		{15049F56-92F1-4E9F-9FAD-9205A421BDEA}.Debug|x86.Build.0 = Debug|Any CPU
		{15049F56-92F1-4E9F-9FAD-9205A421BDEA}.Debug|x86.Deploy.0 = Debug|Any CPU
		{15049F56-92F1-4E9F-9FAD-9205A421BDEA}.Release|Any CPU.ActiveCfg = Release|Any CPU
		{15049F56-92F1-4E9F-9FAD-9205A421BDEA}.Release|Any CPU.Build.0 = Release|Any CPU
		{15049F56-92F1-4E9F-9FAD-9205A421BDEA}.Release|Any CPU.Deploy.0 = Release|Any CPU
		{15049F56-92F1-4E9F-9FAD-9205A421BDEA}.Release|ARM.ActiveCfg = Release|Any CPU
		{15049F56-92F1-4E9F-9FAD-9205A421BDEA}.Release|ARM.Build.0 = Release|Any CPU
		{15049F56-92F1-4E9F-9FAD-9205A421BDEA}.Release|ARM.Deploy.0 = Release|Any CPU
		{15049F56-92F1-4E9F-9FAD-9205A421BDEA}.Release|iPhone.ActiveCfg = Release|Any CPU
		{15049F56-92F1-4E9F-9FAD-9205A421BDEA}.Release|iPhone.Build.0 = Release|Any CPU
		{15049F56-92F1-4E9F-9FAD-9205A421BDEA}.Release|iPhone.Deploy.0 = Release|Any CPU
		{15049F56-92F1-4E9F-9FAD-9205A421BDEA}.Release|iPhoneSimulator.ActiveCfg = Release|Any CPU
		{15049F56-92F1-4E9F-9FAD-9205A421BDEA}.Release|iPhoneSimulator.Build.0 = Release|Any CPU
		{15049F56-92F1-4E9F-9FAD-9205A421BDEA}.Release|iPhoneSimulator.Deploy.0 = Release|Any CPU
		{15049F56-92F1-4E9F-9FAD-9205A421BDEA}.Release|x64.ActiveCfg = Release|Any CPU
		{15049F56-92F1-4E9F-9FAD-9205A421BDEA}.Release|x64.Build.0 = Release|Any CPU
		{15049F56-92F1-4E9F-9FAD-9205A421BDEA}.Release|x64.Deploy.0 = Release|Any CPU
		{15049F56-92F1-4E9F-9FAD-9205A421BDEA}.Release|x86.ActiveCfg = Release|Any CPU
		{15049F56-92F1-4E9F-9FAD-9205A421BDEA}.Release|x86.Build.0 = Release|Any CPU
		{15049F56-92F1-4E9F-9FAD-9205A421BDEA}.Release|x86.Deploy.0 = Release|Any CPU
		{CD2CBF3F-BD6F-4C8D-9B25-55419C3079E0}.Debug|Any CPU.ActiveCfg = Debug|Any CPU
		{CD2CBF3F-BD6F-4C8D-9B25-55419C3079E0}.Debug|Any CPU.Build.0 = Debug|Any CPU
		{CD2CBF3F-BD6F-4C8D-9B25-55419C3079E0}.Debug|ARM.ActiveCfg = Debug|Any CPU
		{CD2CBF3F-BD6F-4C8D-9B25-55419C3079E0}.Debug|ARM.Build.0 = Debug|Any CPU
		{CD2CBF3F-BD6F-4C8D-9B25-55419C3079E0}.Debug|iPhone.ActiveCfg = Debug|Any CPU
		{CD2CBF3F-BD6F-4C8D-9B25-55419C3079E0}.Debug|iPhone.Build.0 = Debug|Any CPU
		{CD2CBF3F-BD6F-4C8D-9B25-55419C3079E0}.Debug|iPhoneSimulator.ActiveCfg = Debug|Any CPU
		{CD2CBF3F-BD6F-4C8D-9B25-55419C3079E0}.Debug|iPhoneSimulator.Build.0 = Debug|Any CPU
		{CD2CBF3F-BD6F-4C8D-9B25-55419C3079E0}.Debug|x64.ActiveCfg = Debug|Any CPU
		{CD2CBF3F-BD6F-4C8D-9B25-55419C3079E0}.Debug|x64.Build.0 = Debug|Any CPU
		{CD2CBF3F-BD6F-4C8D-9B25-55419C3079E0}.Debug|x86.ActiveCfg = Debug|Any CPU
		{CD2CBF3F-BD6F-4C8D-9B25-55419C3079E0}.Debug|x86.Build.0 = Debug|Any CPU
		{CD2CBF3F-BD6F-4C8D-9B25-55419C3079E0}.Release|Any CPU.ActiveCfg = Release|Any CPU
		{CD2CBF3F-BD6F-4C8D-9B25-55419C3079E0}.Release|Any CPU.Build.0 = Release|Any CPU
		{CD2CBF3F-BD6F-4C8D-9B25-55419C3079E0}.Release|ARM.ActiveCfg = Release|Any CPU
		{CD2CBF3F-BD6F-4C8D-9B25-55419C3079E0}.Release|ARM.Build.0 = Release|Any CPU
		{CD2CBF3F-BD6F-4C8D-9B25-55419C3079E0}.Release|iPhone.ActiveCfg = Release|Any CPU
		{CD2CBF3F-BD6F-4C8D-9B25-55419C3079E0}.Release|iPhone.Build.0 = Release|Any CPU
		{CD2CBF3F-BD6F-4C8D-9B25-55419C3079E0}.Release|iPhoneSimulator.ActiveCfg = Release|Any CPU
		{CD2CBF3F-BD6F-4C8D-9B25-55419C3079E0}.Release|iPhoneSimulator.Build.0 = Release|Any CPU
		{CD2CBF3F-BD6F-4C8D-9B25-55419C3079E0}.Release|x64.ActiveCfg = Release|Any CPU
		{CD2CBF3F-BD6F-4C8D-9B25-55419C3079E0}.Release|x64.Build.0 = Release|Any CPU
		{CD2CBF3F-BD6F-4C8D-9B25-55419C3079E0}.Release|x86.ActiveCfg = Release|Any CPU
		{CD2CBF3F-BD6F-4C8D-9B25-55419C3079E0}.Release|x86.Build.0 = Release|Any CPU
		{9782C5AD-401C-42CC-BA31-A6CCC73F79A6}.Debug|Any CPU.ActiveCfg = Debug|Any CPU
		{9782C5AD-401C-42CC-BA31-A6CCC73F79A6}.Debug|Any CPU.Build.0 = Debug|Any CPU
		{9782C5AD-401C-42CC-BA31-A6CCC73F79A6}.Debug|ARM.ActiveCfg = Debug|Any CPU
		{9782C5AD-401C-42CC-BA31-A6CCC73F79A6}.Debug|ARM.Build.0 = Debug|Any CPU
		{9782C5AD-401C-42CC-BA31-A6CCC73F79A6}.Debug|iPhone.ActiveCfg = Debug|Any CPU
		{9782C5AD-401C-42CC-BA31-A6CCC73F79A6}.Debug|iPhone.Build.0 = Debug|Any CPU
		{9782C5AD-401C-42CC-BA31-A6CCC73F79A6}.Debug|iPhoneSimulator.ActiveCfg = Debug|Any CPU
		{9782C5AD-401C-42CC-BA31-A6CCC73F79A6}.Debug|iPhoneSimulator.Build.0 = Debug|Any CPU
		{9782C5AD-401C-42CC-BA31-A6CCC73F79A6}.Debug|x64.ActiveCfg = Debug|Any CPU
		{9782C5AD-401C-42CC-BA31-A6CCC73F79A6}.Debug|x64.Build.0 = Debug|Any CPU
		{9782C5AD-401C-42CC-BA31-A6CCC73F79A6}.Debug|x86.ActiveCfg = Debug|Any CPU
		{9782C5AD-401C-42CC-BA31-A6CCC73F79A6}.Debug|x86.Build.0 = Debug|Any CPU
		{9782C5AD-401C-42CC-BA31-A6CCC73F79A6}.Release|Any CPU.ActiveCfg = Release|Any CPU
		{9782C5AD-401C-42CC-BA31-A6CCC73F79A6}.Release|Any CPU.Build.0 = Release|Any CPU
		{9782C5AD-401C-42CC-BA31-A6CCC73F79A6}.Release|ARM.ActiveCfg = Release|Any CPU
		{9782C5AD-401C-42CC-BA31-A6CCC73F79A6}.Release|ARM.Build.0 = Release|Any CPU
		{9782C5AD-401C-42CC-BA31-A6CCC73F79A6}.Release|iPhone.ActiveCfg = Release|Any CPU
		{9782C5AD-401C-42CC-BA31-A6CCC73F79A6}.Release|iPhone.Build.0 = Release|Any CPU
		{9782C5AD-401C-42CC-BA31-A6CCC73F79A6}.Release|iPhoneSimulator.ActiveCfg = Release|Any CPU
		{9782C5AD-401C-42CC-BA31-A6CCC73F79A6}.Release|iPhoneSimulator.Build.0 = Release|Any CPU
		{9782C5AD-401C-42CC-BA31-A6CCC73F79A6}.Release|x64.ActiveCfg = Release|Any CPU
		{9782C5AD-401C-42CC-BA31-A6CCC73F79A6}.Release|x64.Build.0 = Release|Any CPU
		{9782C5AD-401C-42CC-BA31-A6CCC73F79A6}.Release|x86.ActiveCfg = Release|Any CPU
		{9782C5AD-401C-42CC-BA31-A6CCC73F79A6}.Release|x86.Build.0 = Release|Any CPU
		{910538A3-175E-4628-9823-B5BB62A3CDB9}.Debug|Any CPU.ActiveCfg = Debug|Any CPU
		{910538A3-175E-4628-9823-B5BB62A3CDB9}.Debug|Any CPU.Build.0 = Debug|Any CPU
		{910538A3-175E-4628-9823-B5BB62A3CDB9}.Debug|ARM.ActiveCfg = Debug|Any CPU
		{910538A3-175E-4628-9823-B5BB62A3CDB9}.Debug|ARM.Build.0 = Debug|Any CPU
		{910538A3-175E-4628-9823-B5BB62A3CDB9}.Debug|iPhone.ActiveCfg = Debug|Any CPU
		{910538A3-175E-4628-9823-B5BB62A3CDB9}.Debug|iPhone.Build.0 = Debug|Any CPU
		{910538A3-175E-4628-9823-B5BB62A3CDB9}.Debug|iPhoneSimulator.ActiveCfg = Debug|Any CPU
		{910538A3-175E-4628-9823-B5BB62A3CDB9}.Debug|iPhoneSimulator.Build.0 = Debug|Any CPU
		{910538A3-175E-4628-9823-B5BB62A3CDB9}.Debug|x64.ActiveCfg = Debug|Any CPU
		{910538A3-175E-4628-9823-B5BB62A3CDB9}.Debug|x64.Build.0 = Debug|Any CPU
		{910538A3-175E-4628-9823-B5BB62A3CDB9}.Debug|x86.ActiveCfg = Debug|Any CPU
		{910538A3-175E-4628-9823-B5BB62A3CDB9}.Debug|x86.Build.0 = Debug|Any CPU
		{910538A3-175E-4628-9823-B5BB62A3CDB9}.Release|Any CPU.ActiveCfg = Release|Any CPU
		{910538A3-175E-4628-9823-B5BB62A3CDB9}.Release|Any CPU.Build.0 = Release|Any CPU
		{910538A3-175E-4628-9823-B5BB62A3CDB9}.Release|ARM.ActiveCfg = Release|Any CPU
		{910538A3-175E-4628-9823-B5BB62A3CDB9}.Release|ARM.Build.0 = Release|Any CPU
		{910538A3-175E-4628-9823-B5BB62A3CDB9}.Release|iPhone.ActiveCfg = Release|Any CPU
		{910538A3-175E-4628-9823-B5BB62A3CDB9}.Release|iPhone.Build.0 = Release|Any CPU
		{910538A3-175E-4628-9823-B5BB62A3CDB9}.Release|iPhoneSimulator.ActiveCfg = Release|Any CPU
		{910538A3-175E-4628-9823-B5BB62A3CDB9}.Release|iPhoneSimulator.Build.0 = Release|Any CPU
		{910538A3-175E-4628-9823-B5BB62A3CDB9}.Release|x64.ActiveCfg = Release|Any CPU
		{910538A3-175E-4628-9823-B5BB62A3CDB9}.Release|x64.Build.0 = Release|Any CPU
		{910538A3-175E-4628-9823-B5BB62A3CDB9}.Release|x86.ActiveCfg = Release|Any CPU
		{910538A3-175E-4628-9823-B5BB62A3CDB9}.Release|x86.Build.0 = Release|Any CPU
	EndGlobalSection
	GlobalSection(SolutionProperties) = preSolution
		HideSolutionNode = FALSE
	EndGlobalSection
	GlobalSection(ExtensibilityGlobals) = postSolution
		SolutionGuid = {1D66C494-84F2-423D-A19D-3DD5CBF3589C}
	EndGlobalSection
EndGlobal
